
Microsoft Visual Studio Solution File, Format Version 12.00
# Visual Studio Version 17
VisualStudioVersion = 17.9.34622.214
MinimumVisualStudioVersion = 10.0.40219.1
Project("{9A19103F-16F7-4668-BE54-9A1E7A4F7556}") = "PetCareSystem", "PetCareSystem\PetCareSystem.csproj", "{649749C2-4424-4B21-8E0D-A5BA2F764233}"
EndProject
Project("{FAE04EC0-301F-11D3-BF4B-00C04F79EFBC}") = "PetCareSystem.Test", "PetCareSystem.Test\PetCareSystem.Test.csproj", "{F11CCB42-FA80-47A4-B39C-308116ED5AC4}"
EndProject
Global
	GlobalSection(SolutionConfigurationPlatforms) = preSolution
		Debug|Any CPU = Debug|Any CPU
		Release|Any CPU = Release|Any CPU
	EndGlobalSection
	GlobalSection(ProjectConfigurationPlatforms) = postSolution
		{649749C2-4424-4B21-8E0D-A5BA2F764233}.Debug|Any CPU.ActiveCfg = Debug|Any CPU
		{649749C2-4424-4B21-8E0D-A5BA2F764233}.Debug|Any CPU.Build.0 = Debug|Any CPU
		{649749C2-4424-4B21-8E0D-A5BA2F764233}.Release|Any CPU.ActiveCfg = Release|Any CPU
		{649749C2-4424-4B21-8E0D-A5BA2F764233}.Release|Any CPU.Build.0 = Release|Any CPU
		{F11CCB42-FA80-47A4-B39C-308116ED5AC4}.Debug|Any CPU.ActiveCfg = Debug|Any CPU
		{F11CCB42-FA80-47A4-B39C-308116ED5AC4}.Debug|Any CPU.Build.0 = Debug|Any CPU
		{F11CCB42-FA80-47A4-B39C-308116ED5AC4}.Release|Any CPU.ActiveCfg = Release|Any CPU
		{F11CCB42-FA80-47A4-B39C-308116ED5AC4}.Release|Any CPU.Build.0 = Release|Any CPU
	EndGlobalSection
	GlobalSection(SolutionProperties) = preSolution
		HideSolutionNode = FALSE
	EndGlobalSection
	GlobalSection(ExtensibilityGlobals) = postSolution
		SolutionGuid = {B53B7B64-F24A-4EEC-B258-D50CA5FDE72A}
	EndGlobalSection
EndGlobal
